
Microsoft Visual Studio Solution File, Format Version 12.00
# Visual Studio 2012
Project("{FAE04EC0-301F-11D3-BF4B-00C04F79EFBC}") = "Phoneword", "Phoneword\Phoneword.csproj", "{BCD9F8DC-2494-467D-9CF6-98AE216E25B0}"
EndProject
Project("{FAE04EC0-301F-11D3-BF4B-00C04F79EFBC}") = "Phoneword.iOS", "iOS\Phoneword.iOS.csproj", "{901527CD-2351-4C68-889B-8C45A6B587F0}"
EndProject
Project("{FAE04EC0-301F-11D3-BF4B-00C04F79EFBC}") = "Phoneword.Droid", "Droid\Phoneword.Droid.csproj", "{1D4318C5-4F40-4817-B400-59A54F4B2291}"
EndProject
Global
	GlobalSection(SolutionConfigurationPlatforms) = preSolution
		Debug|Any CPU = Debug|Any CPU
		Release|Any CPU = Release|Any CPU
		Debug|iPhoneSimulator = Debug|iPhoneSimulator
		Release|iPhone = Release|iPhone
		Release|iPhoneSimulator = Release|iPhoneSimulator
		Debug|iPhone = Debug|iPhone
	EndGlobalSection
	GlobalSection(ProjectConfigurationPlatforms) = postSolution
		{BCD9F8DC-2494-467D-9CF6-98AE216E25B0}.Debug|Any CPU.ActiveCfg = Debug|Any CPU
		{BCD9F8DC-2494-467D-9CF6-98AE216E25B0}.Debug|Any CPU.Build.0 = Debug|Any CPU
		{BCD9F8DC-2494-467D-9CF6-98AE216E25B0}.Release|Any CPU.ActiveCfg = Release|Any CPU
		{BCD9F8DC-2494-467D-9CF6-98AE216E25B0}.Release|Any CPU.Build.0 = Release|Any CPU
		{BCD9F8DC-2494-467D-9CF6-98AE216E25B0}.Debug|iPhoneSimulator.ActiveCfg = Debug|Any CPU
		{BCD9F8DC-2494-467D-9CF6-98AE216E25B0}.Debug|iPhoneSimulator.Build.0 = Debug|Any CPU
		{BCD9F8DC-2494-467D-9CF6-98AE216E25B0}.Release|iPhone.ActiveCfg = Release|Any CPU
		{BCD9F8DC-2494-467D-9CF6-98AE216E25B0}.Release|iPhone.Build.0 = Release|Any CPU
		{BCD9F8DC-2494-467D-9CF6-98AE216E25B0}.Release|iPhoneSimulator.ActiveCfg = Release|Any CPU
		{BCD9F8DC-2494-467D-9CF6-98AE216E25B0}.Release|iPhoneSimulator.Build.0 = Release|Any CPU
		{BCD9F8DC-2494-467D-9CF6-98AE216E25B0}.Debug|iPhone.ActiveCfg = Debug|Any CPU
		{BCD9F8DC-2494-467D-9CF6-98AE216E25B0}.Debug|iPhone.Build.0 = Debug|Any CPU
		{901527CD-2351-4C68-889B-8C45A6B587F0}.Debug|Any CPU.ActiveCfg = Debug|iPhoneSimulator
		{901527CD-2351-4C68-889B-8C45A6B587F0}.Debug|Any CPU.Build.0 = Debug|iPhoneSimulator
		{901527CD-2351-4C68-889B-8C45A6B587F0}.Release|Any CPU.ActiveCfg = Release|iPhone
		{901527CD-2351-4C68-889B-8C45A6B587F0}.Release|Any CPU.Build.0 = Release|iPhone
		{901527CD-2351-4C68-889B-8C45A6B587F0}.Debug|iPhoneSimulator.ActiveCfg = Debug|iPhoneSimulator
		{901527CD-2351-4C68-889B-8C45A6B587F0}.Debug|iPhoneSimulator.Build.0 = Debug|iPhoneSimulator
		{901527CD-2351-4C68-889B-8C45A6B587F0}.Release|iPhone.ActiveCfg = Release|iPhone
		{901527CD-2351-4C68-889B-8C45A6B587F0}.Release|iPhone.Build.0 = Release|iPhone
		{901527CD-2351-4C68-889B-8C45A6B587F0}.Release|iPhoneSimulator.ActiveCfg = Release|iPhoneSimulator
		{901527CD-2351-4C68-889B-8C45A6B587F0}.Release|iPhoneSimulator.Build.0 = Release|iPhoneSimulator
		{901527CD-2351-4C68-889B-8C45A6B587F0}.Debug|iPhone.ActiveCfg = Debug|iPhone
		{901527CD-2351-4C68-889B-8C45A6B587F0}.Debug|iPhone.Build.0 = Debug|iPhone
		{1D4318C5-4F40-4817-B400-59A54F4B2291}.Debug|Any CPU.ActiveCfg = Debug|Any CPU
		{1D4318C5-4F40-4817-B400-59A54F4B2291}.Debug|Any CPU.Build.0 = Debug|Any CPU
		{1D4318C5-4F40-4817-B400-59A54F4B2291}.Release|Any CPU.ActiveCfg = Release|Any CPU
		{1D4318C5-4F40-4817-B400-59A54F4B2291}.Release|Any CPU.Build.0 = Release|Any CPU
		{1D4318C5-4F40-4817-B400-59A54F4B2291}.Debug|iPhoneSimulator.ActiveCfg = Debug|Any CPU
		{1D4318C5-4F40-4817-B400-59A54F4B2291}.Debug|iPhoneSimulator.Build.0 = Debug|Any CPU
		{1D4318C5-4F40-4817-B400-59A54F4B2291}.Release|iPhone.ActiveCfg = Release|Any CPU
		{1D4318C5-4F40-4817-B400-59A54F4B2291}.Release|iPhone.Build.0 = Release|Any CPU
		{1D4318C5-4F40-4817-B400-59A54F4B2291}.Release|iPhoneSimulator.ActiveCfg = Release|Any CPU
		{1D4318C5-4F40-4817-B400-59A54F4B2291}.Release|iPhoneSimulator.Build.0 = Release|Any CPU
		{1D4318C5-4F40-4817-B400-59A54F4B2291}.Debug|iPhone.ActiveCfg = Debug|Any CPU
		{1D4318C5-4F40-4817-B400-59A54F4B2291}.Debug|iPhone.Build.0 = Debug|Any CPU
	EndGlobalSection
EndGlobal
